// !$*UTF8*$!
{
	archiveVersion = 1;
	classes = {
	};
	objectVersion = 48;
	objects = {

/* Begin PBXBuildFile section */
		1B115BA61FAECDEC00BF500A /* main.cpp in Sources */ = {isa = PBXBuildFile; fileRef = 1B115BA51FAECDEC00BF500A /* main.cpp */; };
		1B115BAE1FAECFA800BF500A /* OpenGL.framework in Frameworks */ = {isa = PBXBuildFile; fileRef = 1B115BAD1FAECFA200BF500A /* OpenGL.framework */; };
		1B115BB01FAECFD100BF500A /* libglfw3.a in Frameworks */ = {isa = PBXBuildFile; fileRef = 1B115BAF1FAECFD100BF500A /* libglfw3.a */; };
		1B115BB21FAECFEC00BF500A /* CoreGraphics.framework in Frameworks */ = {isa = PBXBuildFile; fileRef = 1B115BB11FAECFE100BF500A /* CoreGraphics.framework */; };
		1B115BB41FAECFF800BF500A /* CoreFoundation.framework in Frameworks */ = {isa = PBXBuildFile; fileRef = 1B115BB31FAECFF200BF500A /* CoreFoundation.framework */; };
		1B115BB61FAED00600BF500A /* IOKit.framework in Frameworks */ = {isa = PBXBuildFile; fileRef = 1B115BB51FAED00000BF500A /* IOKit.framework */; };
		1B115BB81FAED01200BF500A /* CoreVideo.framework in Frameworks */ = {isa = PBXBuildFile; fileRef = 1B115BB71FAED00E00BF500A /* CoreVideo.framework */; };
		1B115BBA1FAED01C00BF500A /* Cocoa.framework in Frameworks */ = {isa = PBXBuildFile; fileRef = 1B115BB91FAED01800BF500A /* Cocoa.framework */; };
/* End PBXBuildFile section */

/* Begin PBXCopyFilesBuildPhase section */
		1B115BA01FAECDEC00BF500A /* CopyFiles */ = {
			isa = PBXCopyFilesBuildPhase;
			buildActionMask = 2147483647;
			dstPath = /usr/share/man/man1/;
			dstSubfolderSpec = 0;
			files = (
			);
			runOnlyForDeploymentPostprocessing = 1;
		};
/* End PBXCopyFilesBuildPhase section */

/* Begin PBXFileReference section */
		1B115BA21FAECDEC00BF500A /* LearningOpenGL */ = {isa = PBXFileReference; explicitFileType = "compiled.mach-o.executable"; includeInIndex = 0; path = LearningOpenGL; sourceTree = BUILT_PRODUCTS_DIR; };
		1B115BA51FAECDEC00BF500A /* main.cpp */ = {isa = PBXFileReference; lastKnownFileType = sourcecode.cpp.cpp; path = main.cpp; sourceTree = "<group>"; };
		1B115BAD1FAECFA200BF500A /* OpenGL.framework */ = {isa = PBXFileReference; lastKnownFileType = wrapper.framework; name = OpenGL.framework; path = System/Library/Frameworks/OpenGL.framework; sourceTree = SDKROOT; };
		1B115BAF1FAECFD100BF500A /* libglfw3.a */ = {isa = PBXFileReference; lastKnownFileType = archive.ar; name = libglfw3.a; path = ../../../../../../usr/local/lib/libglfw3.a; sourceTree = "<group>"; };
		1B115BB11FAECFE100BF500A /* CoreGraphics.framework */ = {isa = PBXFileReference; lastKnownFileType = wrapper.framework; name = CoreGraphics.framework; path = System/Library/Frameworks/CoreGraphics.framework; sourceTree = SDKROOT; };
		1B115BB31FAECFF200BF500A /* CoreFoundation.framework */ = {isa = PBXFileReference; lastKnownFileType = wrapper.framework; name = CoreFoundation.framework; path = System/Library/Frameworks/CoreFoundation.framework; sourceTree = SDKROOT; };
		1B115BB51FAED00000BF500A /* IOKit.framework */ = {isa = PBXFileReference; lastKnownFileType = wrapper.framework; name = IOKit.framework; path = System/Library/Frameworks/IOKit.framework; sourceTree = SDKROOT; };
		1B115BB71FAED00E00BF500A /* CoreVideo.framework */ = {isa = PBXFileReference; lastKnownFileType = wrapper.framework; name = CoreVideo.framework; path = System/Library/Frameworks/CoreVideo.framework; sourceTree = SDKROOT; };
		1B115BB91FAED01800BF500A /* Cocoa.framework */ = {isa = PBXFileReference; lastKnownFileType = wrapper.framework; name = Cocoa.framework; path = System/Library/Frameworks/Cocoa.framework; sourceTree = SDKROOT; };
/* End PBXFileReference section */

/* Begin PBXFrameworksBuildPhase section */
		1B115B9F1FAECDEC00BF500A /* Frameworks */ = {
			isa = PBXFrameworksBuildPhase;
			buildActionMask = 2147483647;
			files = (
				1B115BBA1FAED01C00BF500A /* Cocoa.framework in Frameworks */,
				1B115BB81FAED01200BF500A /* CoreVideo.framework in Frameworks */,
				1B115BB61FAED00600BF500A /* IOKit.framework in Frameworks */,
				1B115BB41FAECFF800BF500A /* CoreFoundation.framework in Frameworks */,
				1B115BB21FAECFEC00BF500A /* CoreGraphics.framework in Frameworks */,
				1B115BB01FAECFD100BF500A /* libglfw3.a in Frameworks */,
				1B115BAE1FAECFA800BF500A /* OpenGL.framework in Frameworks */,
			);
			runOnlyForDeploymentPostprocessing = 0;
		};
/* End PBXFrameworksBuildPhase section */

/* Begin PBXGroup section */
		1B115B991FAECDEC00BF500A = {
			isa = PBXGroup;
			children = (
				1B115BA41FAECDEC00BF500A /* LearningOpenGL */,
				1B115BA31FAECDEC00BF500A /* Products */,
				1B115BAC1FAECFA200BF500A /* Frameworks */,
			);
			sourceTree = "<group>";
		};
		1B115BA31FAECDEC00BF500A /* Products */ = {
			isa = PBXGroup;
			children = (
				1B115BA21FAECDEC00BF500A /* LearningOpenGL */,
			);
			name = Products;
			sourceTree = "<group>";
		};
		1B115BA41FAECDEC00BF500A /* LearningOpenGL */ = {
			isa = PBXGroup;
			children = (
				1B115BA51FAECDEC00BF500A /* main.cpp */,
			);
			path = LearningOpenGL;
			sourceTree = "<group>";
		};
		1B115BAC1FAECFA200BF500A /* Frameworks */ = {
			isa = PBXGroup;
			children = (
				1B115BB91FAED01800BF500A /* Cocoa.framework */,
				1B115BB71FAED00E00BF500A /* CoreVideo.framework */,
				1B115BB51FAED00000BF500A /* IOKit.framework */,
				1B115BB31FAECFF200BF500A /* CoreFoundation.framework */,
				1B115BB11FAECFE100BF500A /* CoreGraphics.framework */,
				1B115BAF1FAECFD100BF500A /* libglfw3.a */,
				1B115BAD1FAECFA200BF500A /* OpenGL.framework */,
			);
			name = Frameworks;
			sourceTree = "<group>";
		};
/* End PBXGroup section */

/* Begin PBXNativeTarget section */
		1B115BA11FAECDEC00BF500A /* LearningOpenGL */ = {
			isa = PBXNativeTarget;
			buildConfigurationList = 1B115BA91FAECDEC00BF500A /* Build configuration list for PBXNativeTarget "LearningOpenGL" */;
			buildPhases = (
				1B115B9E1FAECDEC00BF500A /* Sources */,
				1B115B9F1FAECDEC00BF500A /* Frameworks */,
				1B115BA01FAECDEC00BF500A /* CopyFiles */,
			);
			buildRules = (
			);
			dependencies = (
			);
			name = LearningOpenGL;
			productName = LearningOpenGL;
			productReference = 1B115BA21FAECDEC00BF500A /* LearningOpenGL */;
			productType = "com.apple.product-type.tool";
		};
/* End PBXNativeTarget section */

/* Begin PBXProject section */
		1B115B9A1FAECDEC00BF500A /* Project object */ = {
			isa = PBXProject;
			attributes = {
				LastUpgradeCheck = 0900;
				ORGANIZATIONNAME = hudongsong;
				TargetAttributes = {
					1B115BA11FAECDEC00BF500A = {
						CreatedOnToolsVersion = 9.0.1;
						ProvisioningStyle = Automatic;
					};
				};
			};
			buildConfigurationList = 1B115B9D1FAECDEC00BF500A /* Build configuration list for PBXProject "LearningOpenGL" */;
			compatibilityVersion = "Xcode 8.0";
			developmentRegion = en;
			hasScannedForEncodings = 0;
			knownRegions = (
				en,
			);
			mainGroup = 1B115B991FAECDEC00BF500A;
			productRefGroup = 1B115BA31FAECDEC00BF500A /* Products */;
			projectDirPath = "";
			projectRoot = "";
			targets = (
				1B115BA11FAECDEC00BF500A /* LearningOpenGL */,
			);
		};
/* End PBXProject section */

/* Begin PBXSourcesBuildPhase section */
		1B115B9E1FAECDEC00BF500A /* Sources */ = {
			isa = PBXSourcesBuildPhase;
			buildActionMask = 2147483647;
			files = (
				1B115BA61FAECDEC00BF500A /* main.cpp in Sources */,
			);
			runOnlyForDeploymentPostprocessing = 0;
		};
/* End PBXSourcesBuildPhase section */

/* Begin XCBuildConfiguration section */
		1B115BA71FAECDEC00BF500A /* Debug */ = {
			isa = XCBuildConfiguration;
			buildSettings = {
				ALWAYS_SEARCH_USER_PATHS = NO;
				CLANG_ANALYZER_NONNULL = YES;
				CLANG_ANALYZER_NUMBER_OBJECT_CONVERSION = YES_AGGRESSIVE;
				CLANG_CXX_LANGUAGE_STANDARD = "gnu++14";
				CLANG_CXX_LIBRARY = "libc++";
				CLANG_ENABLE_MODULES = YES;
				CLANG_ENABLE_OBJC_ARC = YES;
				CLANG_WARN_BLOCK_CAPTURE_AUTORELEASING = YES;
				CLANG_WARN_BOOL_CONVERSION = YES;
				CLANG_WARN_COMMA = YES;
				CLANG_WARN_CONSTANT_CONVERSION = YES;
				CLANG_WARN_DIRECT_OBJC_ISA_USAGE = YES_ERROR;
				CLANG_WARN_DOCUMENTATION_COMMENTS = YES;
				CLANG_WARN_EMPTY_BODY = YES;
				CLANG_WARN_ENUM_CONVERSION = YES;
				CLANG_WARN_INFINITE_RECURSION = YES;
				CLANG_WARN_INT_CONVERSION = YES;
				CLANG_WARN_NON_LITERAL_NULL_CONVERSION = YES;
				CLANG_WARN_OBJC_LITERAL_CONVERSION = YES;
				CLANG_WARN_OBJC_ROOT_CLASS = YES_ERROR;
				CLANG_WARN_RANGE_LOOP_ANALYSIS = YES;
				CLANG_WARN_STRICT_PROTOTYPES = YES;
				CLANG_WARN_SUSPICIOUS_MOVE = YES;
				CLANG_WARN_UNGUARDED_AVAILABILITY = YES_AGGRESSIVE;
				CLANG_WARN_UNREACHABLE_CODE = YES;
				CLANG_WARN__DUPLICATE_METHOD_MATCH = YES;
				CODE_SIGN_IDENTITY = "Mac Developer";
				COPY_PHASE_STRIP = NO;
				DEBUG_INFORMATION_FORMAT = dwarf;
				ENABLE_STRICT_OBJC_MSGSEND = YES;
				ENABLE_TESTABILITY = YES;
				GCC_C_LANGUAGE_STANDARD = gnu11;
				GCC_DYNAMIC_NO_PIC = NO;
				GCC_NO_COMMON_BLOCKS = YES;
				GCC_OPTIMIZATION_LEVEL = 0;
				GCC_PREPROCESSOR_DEFINITIONS = (
					"DEBUG=1",
					"$(inherited)",
				);
				GCC_WARN_64_TO_32_BIT_CONVERSION = YES;
				GCC_WARN_ABOUT_RETURN_TYPE = YES_ERROR;
				GCC_WARN_UNDECLARED_SELECTOR = YES;
				GCC_WARN_UNINITIALIZED_AUTOS = YES_AGGRESSIVE;
				GCC_WARN_UNUSED_FUNCTION = YES;
				GCC_WARN_UNUSED_VARIABLE = YES;
				MACOSX_DEPLOYMENT_TARGET = 10.12;
				MTL_ENABLE_DEBUG_INFO = YES;
				ONLY_ACTIVE_ARCH = YES;
				SDKROOT = macosx;
			};
			name = Debug;
		};
		1B115BA81FAECDEC00BF500A /* Release */ = {
			isa = XCBuildConfiguration;
			buildSettings = {
				ALWAYS_SEARCH_USER_PATHS = NO;
				CLANG_ANALYZER_NONNULL = YES;
				CLANG_ANALYZER_NUMBER_OBJECT_CONVERSION = YES_AGGRESSIVE;
				CLANG_CXX_LANGUAGE_STANDARD = "gnu++14";
				CLANG_CXX_LIBRARY = "libc++";
				CLANG_ENABLE_MODULES = YES;
				CLANG_ENABLE_OBJC_ARC = YES;
				CLANG_WARN_BLOCK_CAPTURE_AUTORELEASING = YES;
				CLANG_WARN_BOOL_CONVERSION = YES;
				CLANG_WARN_COMMA = YES;
				CLANG_WARN_CONSTANT_CONVERSION = YES;
				CLANG_WARN_DIRECT_OBJC_ISA_USAGE = YES_ERROR;
				CLANG_WARN_DOCUMENTATION_COMMENTS = YES;
				CLANG_WARN_EMPTY_BODY = YES;
				CLANG_WARN_ENUM_CONVERSION = YES;
				CLANG_WARN_INFINITE_RECURSION = YES;
				CLANG_WARN_INT_CONVERSION = YES;
				CLANG_WARN_NON_LITERAL_NULL_CONVERSION = YES;
				CLANG_WARN_OBJC_LITERAL_CONVERSION = YES;
				CLANG_WARN_OBJC_ROOT_CLASS = YES_ERROR;
				CLANG_WARN_RANGE_LOOP_ANALYSIS = YES;
				CLANG_WARN_STRICT_PROTOTYPES = YES;
				CLANG_WARN_SUSPICIOUS_MOVE = YES;
				CLANG_WARN_UNGUARDED_AVAILABILITY = YES_AGGRESSIVE;
				CLANG_WARN_UNREACHABLE_CODE = YES;
				CLANG_WARN__DUPLICATE_METHOD_MATCH = YES;
				CODE_SIGN_IDENTITY = "Mac Developer";
				COPY_PHASE_STRIP = NO;
				DEBUG_INFORMATION_FORMAT = "dwarf-with-dsym";
				ENABLE_NS_ASSERTIONS = NO;
				ENABLE_STRICT_OBJC_MSGSEND = YES;
				GCC_C_LANGUAGE_STANDARD = gnu11;
				GCC_NO_COMMON_BLOCKS = YES;
				GCC_WARN_64_TO_32_BIT_CONVERSION = YES;
				GCC_WARN_ABOUT_RETURN_TYPE = YES_ERROR;
				GCC_WARN_UNDECLARED_SELECTOR = YES;
				GCC_WARN_UNINITIALIZED_AUTOS = YES_AGGRESSIVE;
				GCC_WARN_UNUSED_FUNCTION = YES;
				GCC_WARN_UNUSED_VARIABLE = YES;
				MACOSX_DEPLOYMENT_TARGET = 10.12;
				MTL_ENABLE_DEBUG_INFO = NO;
				SDKROOT = macosx;
			};
			name = Release;
		};
		1B115BAA1FAECDEC00BF500A /* Debug */ = {
			isa = XCBuildConfiguration;
			buildSettings = {
				ALWAYS_SEARCH_USER_PATHS = YES;
				CODE_SIGN_STYLE = Automatic;
				DEVELOPMENT_TEAM = X83GWMCP5J;
				LIBRARY_SEARCH_PATHS = /usr/local/lib;
				PRODUCT_NAME = "$(TARGET_NAME)";
				USER_HEADER_SEARCH_PATHS = /usr/local/include;
			};
			name = Debug;
		};
		1B115BAB1FAECDEC00BF500A /* Release */ = {
			isa = XCBuildConfiguration;
			buildSettings = {
				ALWAYS_SEARCH_USER_PATHS = YES;
				CODE_SIGN_STYLE = Automatic;
				DEVELOPMENT_TEAM = X83GWMCP5J;
				LIBRARY_SEARCH_PATHS = /usr/local/lib;
				PRODUCT_NAME = "$(TARGET_NAME)";
				USER_HEADER_SEARCH_PATHS = /usr/local/include;
			};
			name = Release;
		};
/* End XCBuildConfiguration section */

/* Begin XCConfigurationList section */
		1B115B9D1FAECDEC00BF500A /* Build configuration list for PBXProject "LearningOpenGL" */ = {
			isa = XCConfigurationList;
			buildConfigurations = (
				1B115BA71FAECDEC00BF500A /* Debug */,
				1B115BA81FAECDEC00BF500A /* Release */,
			);
			defaultConfigurationIsVisible = 0;
			defaultConfigurationName = Release;
		};
		1B115BA91FAECDEC00BF500A /* Build configuration list for PBXNativeTarget "LearningOpenGL" */ = {
			isa = XCConfigurationList;
			buildConfigurations = (
				1B115BAA1FAECDEC00BF500A /* Debug */,
				1B115BAB1FAECDEC00BF500A /* Release */,
			);
			defaultConfigurationIsVisible = 0;
			defaultConfigurationName = Release;
		};
/* End XCConfigurationList section */
	};
	rootObject = 1B115B9A1FAECDEC00BF500A /* Project object */;
}
